
Microsoft Visual Studio Solution File, Format Version 12.00
# Visual Studio Version 16
VisualStudioVersion = 16.0.29306.81
MinimumVisualStudioVersion = 10.0.40219.1
Project("{FAE04EC0-301F-11D3-BF4B-00C04F79EFBC}") = "LoopsDemo", "LoopsDemo\LoopsDemo.csproj", "{65052141-3856-48D7-B20A-F385F095750A}"
EndProject
Global
	GlobalSection(SolutionConfigurationPlatforms) = preSolution
		Debug|Any CPU = Debug|Any CPU
		Release|Any CPU = Release|Any CPU
	EndGlobalSection
	GlobalSection(ProjectConfigurationPlatforms) = postSolution
		{65052141-3856-48D7-B20A-F385F095750A}.Debug|Any CPU.ActiveCfg = Debug|Any CPU
		{65052141-3856-48D7-B20A-F385F095750A}.Debug|Any CPU.Build.0 = Debug|Any CPU
		{65052141-3856-48D7-B20A-F385F095750A}.Release|Any CPU.ActiveCfg = Release|Any CPU
		{65052141-3856-48D7-B20A-F385F095750A}.Release|Any CPU.Build.0 = Release|Any CPU
	EndGlobalSection
	GlobalSection(SolutionProperties) = preSolution
		HideSolutionNode = FALSE
	EndGlobalSection
	GlobalSection(ExtensibilityGlobals) = postSolution
		SolutionGuid = {D23C7998-B844-4841-944D-E2D9D31683CD}
	EndGlobalSection
EndGlobal
