
Microsoft Visual Studio Solution File, Format Version 12.00
# Visual Studio 15
VisualStudioVersion = 15.0.28307.902
MinimumVisualStudioVersion = 10.0.40219.1
Project("{FAE04EC0-301F-11D3-BF4B-00C04F79EFBC}") = "AdvancedConditionals", "AdvancedConditionals\AdvancedConditionals.csproj", "{D969A0F8-9618-4CF7-A455-88D46BD04B7D}"
EndProject
Global
	GlobalSection(SolutionConfigurationPlatforms) = preSolution
		Debug|Any CPU = Debug|Any CPU
		Release|Any CPU = Release|Any CPU
	EndGlobalSection
	GlobalSection(ProjectConfigurationPlatforms) = postSolution
		{D969A0F8-9618-4CF7-A455-88D46BD04B7D}.Debug|Any CPU.ActiveCfg = Debug|Any CPU
		{D969A0F8-9618-4CF7-A455-88D46BD04B7D}.Debug|Any CPU.Build.0 = Debug|Any CPU
		{D969A0F8-9618-4CF7-A455-88D46BD04B7D}.Release|Any CPU.ActiveCfg = Release|Any CPU
		{D969A0F8-9618-4CF7-A455-88D46BD04B7D}.Release|Any CPU.Build.0 = Release|Any CPU
	EndGlobalSection
	GlobalSection(SolutionProperties) = preSolution
		HideSolutionNode = FALSE
	EndGlobalSection
	GlobalSection(ExtensibilityGlobals) = postSolution
		SolutionGuid = {9700B28B-EEAF-47A1-8182-A26095E9A01F}
	EndGlobalSection
EndGlobal
