
Microsoft Visual Studio Solution File, Format Version 12.00
# Visual Studio Version 16
VisualStudioVersion = 16.0.29306.81
MinimumVisualStudioVersion = 10.0.40219.1
Project("{FAE04EC0-301F-11D3-BF4B-00C04F79EFBC}") = "StaticDemo", "StaticDemo\StaticDemo.csproj", "{21D205F5-5FE6-481E-86C1-56AD7267EFE1}"
EndProject
Global
	GlobalSection(SolutionConfigurationPlatforms) = preSolution
		Debug|Any CPU = Debug|Any CPU
		Release|Any CPU = Release|Any CPU
	EndGlobalSection
	GlobalSection(ProjectConfigurationPlatforms) = postSolution
		{21D205F5-5FE6-481E-86C1-56AD7267EFE1}.Debug|Any CPU.ActiveCfg = Debug|Any CPU
		{21D205F5-5FE6-481E-86C1-56AD7267EFE1}.Debug|Any CPU.Build.0 = Debug|Any CPU
		{21D205F5-5FE6-481E-86C1-56AD7267EFE1}.Release|Any CPU.ActiveCfg = Release|Any CPU
		{21D205F5-5FE6-481E-86C1-56AD7267EFE1}.Release|Any CPU.Build.0 = Release|Any CPU
	EndGlobalSection
	GlobalSection(SolutionProperties) = preSolution
		HideSolutionNode = FALSE
	EndGlobalSection
	GlobalSection(ExtensibilityGlobals) = postSolution
		SolutionGuid = {845670DA-D277-4B9A-8255-695416FA061B}
	EndGlobalSection
EndGlobal
