
Microsoft Visual Studio Solution File, Format Version 12.00
# Visual Studio 15
VisualStudioVersion = 15.0.28307.902
MinimumVisualStudioVersion = 10.0.40219.1
Project("{FAE04EC0-301F-11D3-BF4B-00C04F79EFBC}") = "Journal", "Journal\Journal.csproj", "{81EB7D30-3A34-40DA-B3EF-40AF6D839F59}"
EndProject
Global
	GlobalSection(SolutionConfigurationPlatforms) = preSolution
		Debug|Any CPU = Debug|Any CPU
		Release|Any CPU = Release|Any CPU
	EndGlobalSection
	GlobalSection(ProjectConfigurationPlatforms) = postSolution
		{81EB7D30-3A34-40DA-B3EF-40AF6D839F59}.Debug|Any CPU.ActiveCfg = Debug|Any CPU
		{81EB7D30-3A34-40DA-B3EF-40AF6D839F59}.Debug|Any CPU.Build.0 = Debug|Any CPU
		{81EB7D30-3A34-40DA-B3EF-40AF6D839F59}.Release|Any CPU.ActiveCfg = Release|Any CPU
		{81EB7D30-3A34-40DA-B3EF-40AF6D839F59}.Release|Any CPU.Build.0 = Release|Any CPU
	EndGlobalSection
	GlobalSection(SolutionProperties) = preSolution
		HideSolutionNode = FALSE
	EndGlobalSection
	GlobalSection(ExtensibilityGlobals) = postSolution
		SolutionGuid = {E661CCA7-3945-4834-B1C9-101E99CD0245}
	EndGlobalSection
EndGlobal
