
Microsoft Visual Studio Solution File, Format Version 12.00
# Visual Studio Version 16
VisualStudioVersion = 16.0.29306.81
MinimumVisualStudioVersion = 10.0.40219.1
Project("{FAE04EC0-301F-11D3-BF4B-00C04F79EFBC}") = "VirtualPet", "VirtualPet\VirtualPet.csproj", "{675D5D9C-C59B-41BF-8BFE-803C75BDA4A2}"
EndProject
Global
	GlobalSection(SolutionConfigurationPlatforms) = preSolution
		Debug|Any CPU = Debug|Any CPU
		Release|Any CPU = Release|Any CPU
	EndGlobalSection
	GlobalSection(ProjectConfigurationPlatforms) = postSolution
		{675D5D9C-C59B-41BF-8BFE-803C75BDA4A2}.Debug|Any CPU.ActiveCfg = Debug|Any CPU
		{675D5D9C-C59B-41BF-8BFE-803C75BDA4A2}.Debug|Any CPU.Build.0 = Debug|Any CPU
		{675D5D9C-C59B-41BF-8BFE-803C75BDA4A2}.Release|Any CPU.ActiveCfg = Release|Any CPU
		{675D5D9C-C59B-41BF-8BFE-803C75BDA4A2}.Release|Any CPU.Build.0 = Release|Any CPU
	EndGlobalSection
	GlobalSection(SolutionProperties) = preSolution
		HideSolutionNode = FALSE
	EndGlobalSection
	GlobalSection(ExtensibilityGlobals) = postSolution
		SolutionGuid = {F9B2F3AB-B008-4C3E-9368-6CF8810F8BC1}
	EndGlobalSection
EndGlobal
