
Microsoft Visual Studio Solution File, Format Version 12.00
# Visual Studio 15
VisualStudioVersion = 15.0.28307.902
MinimumVisualStudioVersion = 10.0.40219.1
Project("{FAE04EC0-301F-11D3-BF4B-00C04F79EFBC}") = "PlayAudio", "PlayAudio\PlayAudio.csproj", "{456DCC11-4FB9-43E8-87B3-CCCAD3EE1E28}"
EndProject
Global
	GlobalSection(SolutionConfigurationPlatforms) = preSolution
		Debug|Any CPU = Debug|Any CPU
		Release|Any CPU = Release|Any CPU
	EndGlobalSection
	GlobalSection(ProjectConfigurationPlatforms) = postSolution
		{456DCC11-4FB9-43E8-87B3-CCCAD3EE1E28}.Debug|Any CPU.ActiveCfg = Debug|Any CPU
		{456DCC11-4FB9-43E8-87B3-CCCAD3EE1E28}.Debug|Any CPU.Build.0 = Debug|Any CPU
		{456DCC11-4FB9-43E8-87B3-CCCAD3EE1E28}.Release|Any CPU.ActiveCfg = Release|Any CPU
		{456DCC11-4FB9-43E8-87B3-CCCAD3EE1E28}.Release|Any CPU.Build.0 = Release|Any CPU
	EndGlobalSection
	GlobalSection(SolutionProperties) = preSolution
		HideSolutionNode = FALSE
	EndGlobalSection
	GlobalSection(ExtensibilityGlobals) = postSolution
		SolutionGuid = {C12BD287-C204-4A68-A9A0-BA17D770235B}
	EndGlobalSection
EndGlobal
