
Microsoft Visual Studio Solution File, Format Version 12.00
# Visual Studio Version 16
VisualStudioVersion = 16.0.29306.81
MinimumVisualStudioVersion = 10.0.40219.1
Project("{FAE04EC0-301F-11D3-BF4B-00C04F79EFBC}") = "PaintCalculator", "PaintCalculator\PaintCalculator.csproj", "{18C7AC04-6249-41E9-AF0D-618572B492BE}"
EndProject
Global
	GlobalSection(SolutionConfigurationPlatforms) = preSolution
		Debug|Any CPU = Debug|Any CPU
		Release|Any CPU = Release|Any CPU
	EndGlobalSection
	GlobalSection(ProjectConfigurationPlatforms) = postSolution
		{18C7AC04-6249-41E9-AF0D-618572B492BE}.Debug|Any CPU.ActiveCfg = Debug|Any CPU
		{18C7AC04-6249-41E9-AF0D-618572B492BE}.Debug|Any CPU.Build.0 = Debug|Any CPU
		{18C7AC04-6249-41E9-AF0D-618572B492BE}.Release|Any CPU.ActiveCfg = Release|Any CPU
		{18C7AC04-6249-41E9-AF0D-618572B492BE}.Release|Any CPU.Build.0 = Release|Any CPU
	EndGlobalSection
	GlobalSection(SolutionProperties) = preSolution
		HideSolutionNode = FALSE
	EndGlobalSection
	GlobalSection(ExtensibilityGlobals) = postSolution
		SolutionGuid = {437C0263-56C5-4DBF-8165-AE5FC6941144}
	EndGlobalSection
EndGlobal
