
Microsoft Visual Studio Solution File, Format Version 12.00
# Visual Studio Version 16
VisualStudioVersion = 16.0.29215.179
MinimumVisualStudioVersion = 10.0.40219.1
Project("{FAE04EC0-301F-11D3-BF4B-00C04F79EFBC}") = "Variables", "Variables\Variables.csproj", "{BCA9D624-C206-4C00-903F-FA71AF673828}"
EndProject
Global
	GlobalSection(SolutionConfigurationPlatforms) = preSolution
		Debug|Any CPU = Debug|Any CPU
		Release|Any CPU = Release|Any CPU
	EndGlobalSection
	GlobalSection(ProjectConfigurationPlatforms) = postSolution
		{BCA9D624-C206-4C00-903F-FA71AF673828}.Debug|Any CPU.ActiveCfg = Debug|Any CPU
		{BCA9D624-C206-4C00-903F-FA71AF673828}.Debug|Any CPU.Build.0 = Debug|Any CPU
		{BCA9D624-C206-4C00-903F-FA71AF673828}.Release|Any CPU.ActiveCfg = Release|Any CPU
		{BCA9D624-C206-4C00-903F-FA71AF673828}.Release|Any CPU.Build.0 = Release|Any CPU
	EndGlobalSection
	GlobalSection(SolutionProperties) = preSolution
		HideSolutionNode = FALSE
	EndGlobalSection
	GlobalSection(ExtensibilityGlobals) = postSolution
		SolutionGuid = {4D7D1A63-D2A0-427B-89F0-925AB6FB3BDB}
	EndGlobalSection
EndGlobal
